
Microsoft Visual Studio Solution File, Format Version 12.00
# Visual Studio Version 17
VisualStudioVersion = 17.6.33801.468
MinimumVisualStudioVersion = 10.0.40219.1
Project("{FAE04EC0-301F-11D3-BF4B-00C04F79EFBC}") = "Image_Processing_Lab", "Image_Processing_Lab\Image_Processing_Lab.csproj", "{D3C2AA79-3E06-43D5-B077-658B3552A265}"
EndProject
Global
	GlobalSection(SolutionConfigurationPlatforms) = preSolution
		Debug|Any CPU = Debug|Any CPU
		Release|Any CPU = Release|Any CPU
	EndGlobalSection
	GlobalSection(ProjectConfigurationPlatforms) = postSolution
		{D3C2AA79-3E06-43D5-B077-658B3552A265}.Debug|Any CPU.ActiveCfg = Debug|Any CPU
		{D3C2AA79-3E06-43D5-B077-658B3552A265}.Debug|Any CPU.Build.0 = Debug|Any CPU
		{D3C2AA79-3E06-43D5-B077-658B3552A265}.Release|Any CPU.ActiveCfg = Release|Any CPU
		{D3C2AA79-3E06-43D5-B077-658B3552A265}.Release|Any CPU.Build.0 = Release|Any CPU
	EndGlobalSection
	GlobalSection(SolutionProperties) = preSolution
		HideSolutionNode = FALSE
	EndGlobalSection
	GlobalSection(ExtensibilityGlobals) = postSolution
		SolutionGuid = {B31A5434-074D-4906-8A75-CF1CECD922B3}
	EndGlobalSection
EndGlobal
